
Microsoft Visual Studio Solution File, Format Version 12.00
# Visual Studio Version 16
VisualStudioVersion = 16.0.34601.136
MinimumVisualStudioVersion = 10.0.40219.1
Project("{FAE04EC0-301F-11D3-BF4B-00C04F79EFBC}") = "MessageSenderForm", "MessageSenderForm.csproj", "{7C619D0A-E72C-4C66-ABD8-EB0F1A4F995A}"
EndProject
Global
	GlobalSection(SolutionConfigurationPlatforms) = preSolution
		Debug|Any CPU = Debug|Any CPU
		Release|Any CPU = Release|Any CPU
	EndGlobalSection
	GlobalSection(ProjectConfigurationPlatforms) = postSolution
		{7C619D0A-E72C-4C66-ABD8-EB0F1A4F995A}.Debug|Any CPU.ActiveCfg = Debug|Any CPU
		{7C619D0A-E72C-4C66-ABD8-EB0F1A4F995A}.Debug|Any CPU.Build.0 = Debug|Any CPU
		{7C619D0A-E72C-4C66-ABD8-EB0F1A4F995A}.Release|Any CPU.ActiveCfg = Release|Any CPU
		{7C619D0A-E72C-4C66-ABD8-EB0F1A4F995A}.Release|Any CPU.Build.0 = Release|Any CPU
	EndGlobalSection
	GlobalSection(SolutionProperties) = preSolution
		HideSolutionNode = FALSE
	EndGlobalSection
	GlobalSection(ExtensibilityGlobals) = postSolution
		SolutionGuid = {1DF1A2FC-C7C1-4840-A326-C154A12D4F91}
	EndGlobalSection
EndGlobal
